# THIS IS AN AUTOGENERATED FILE. DO NOT EDIT THIS FILE DIRECTLY.
# yarn lockfile v1


"@types/mixpanel-browser@^2.38.0":
  version "2.38.0"
  resolved "https://registry.yarnpkg.com/@types/mixpanel-browser/-/mixpanel-browser-2.38.0.tgz#b3e28e1ba06c10a9f88510b88f1ac9d1b2adfc42"
  integrity sha512-TR8rvsILnqXA7oiiGOxuMGXwvDeCoQDonXJB5UR+TYvEAFpiK8ReFj5LhZT+Xhm3NpI9aPoju30jB2ssorSUww==

mixpanel-browser@^2.45.0:
  version "2.45.0"
  resolved "https://registry.yarnpkg.com/mixpanel-browser/-/mixpanel-browser-2.45.0.tgz#a2973be5b66e6d2799ef95a1e55b8ad8eede57e8"
  integrity sha512-PQ1DaTk68yyYtLA0iejmzPA9iNDhT4uIZpqZjRTw7HWpYfl123fydHb2laKanaKjm8YDmrGGz3+xZ4Q6joogyg==

tsc@^2.0.4:
  version "2.0.4"
  resolved "https://registry.yarnpkg.com/tsc/-/tsc-2.0.4.tgz#5f6499146abea5dca4420b451fa4f2f9345238f5"
  integrity sha512-fzoSieZI5KKJVBYGvwbVZs/J5za84f2lSTLPYf6AGiIf43tZ3GNrI1QzTLcjtyDDP4aLxd46RTZq1nQxe7+k5Q==

typescript@^4.7.4:
  version "4.7.4"
  resolved "https://registry.yarnpkg.com/typescript/-/typescript-4.7.4.tgz#1a88596d1cf47d59507a1bcdfb5b9dfe4d488235"
  integrity sha512-C0WQT0gezHuw6AdY1M2jxUO83Rjf0HP7Sk1DtXj6j1EwkQNZrHAg2XPWlq62oqEhYvONq5pkC2Y9oPljWToLmQ==
